<?xml version="1.0" encoding="utf-8"?>
<Project ToolsVersion="4.0" xmlns="http://schemas.microsoft.com/developer/msbuild/2003">
  <ItemGroup>
    <Filter Include="Source Files">
      <UniqueIdentifier>{4FC737F1-C7A5-4376-A066-2A32D752A2FF}</UniqueIdentifier>
      <Extensions>cpp;c;cc;cxx;c++;cppm;ixx;def;odl;idl;hpj;bat;asm;asmx</Extensions>
    </Filter>
    <Filter Include="Header Files">
      <UniqueIdentifier>{93995380-89BD-4b04-88EB-625FBE52EBFB}</UniqueIdentifier>
      <Extensions>h;hh;hpp;hxx;h++;hm;inl;inc;ipp;xsd</Extensions>
    </Filter>
    <Filter Include="Resource Files">
      <UniqueIdentifier>{67DA6AB6-F800-4c08-8B7A-83BB121AAD01}</UniqueIdentifier>
      <Extensions>rc;ico;cur;bmp;dlg;rc2;rct;bin;rgs;gif;jpg;jpeg;jpe;resx;tiff;tif;png;wav;mfcribbon-ms</Extensions>
    </Filter>
  </ItemGroup>
  <ItemGroup>
    <ClCompile Include="src\main.cpp">
      <Filter>Source Files</Filter>
    </ClCompile>
    <ClCompile Include="lib\glad.c">
      <Filter>Source Files</Filter>
    </ClCompile>
    <ClCompile Include="lib\stb.cpp">
      <Filter>Source Files</Filter>
    </ClCompile>
    <ClCompile Include="src\io\Mouse.cpp">
      <Filter>Source Files</Filter>
    </ClCompile>
    <ClCompile Include="src\io\Keyboard.cpp">
      <Filter>Source Files</Filter>
    </ClCompile>
    <ClCompile Include="src\io\Camera.cpp">
      <Filter>Source Files</Filter>
    </ClCompile>
    <ClCompile Include="src\graphics\Shader.cpp">
      <Filter>Source Files</Filter>
    </ClCompile>
    <ClCompile Include="src\Scene.cpp">
      <Filter>Source Files</Filter>
    </ClCompile>
    <ClCompile Include="src\graphics\Texture.cpp">
      <Filter>Source Files</Filter>
    </ClCompile>
    <ClCompile Include="src\graphics\Mesh.cpp">
      <Filter>Source Files</Filter>
    </ClCompile>
    <ClCompile Include="src\graphics\Model.cpp">
      <Filter>Source Files</Filter>
    </ClCompile>
    <ClCompile Include="src\graphics\Material.cpp">
      <Filter>Source Files</Filter>
    </ClCompile>
    <ClCompile Include="src\graphics\Light.cpp">
      <Filter>Source Files</Filter>
    </ClCompile>
    <ClCompile Include="src\physics\Rigidbody.cpp">
      <Filter>Source Files</Filter>
    </ClCompile>
    <ClCompile Include="src\physics\Environment.cpp">
      <Filter>Source Files</Filter>
    </ClCompile>
    <ClCompile Include="src\physics\CollisionMesh.cpp">
      <Filter>Source Files</Filter>
    </ClCompile>
    <ClCompile Include="src\algorithms\Bounds.cpp">
      <Filter>Source Files</Filter>
    </ClCompile>
    <ClCompile Include="src\algorithms\tree\Octree.cpp">
      <Filter>Source Files</Filter>
    </ClCompile>
    <ClCompile Include="src\algorithms\Linalg.cpp">
      <Filter>Source Files</Filter>
    </ClCompile>
    <ClCompile Include="src\physics\CollisionModel.cpp">
      <Filter>Source Files</Filter>
    </ClCompile>
    <ClCompile Include="src\algorithms\Ray.cpp">
      <Filter>Source Files</Filter>
    </ClCompile>
    <ClCompile Include="src\algorithms\tree\avl.cpp">
      <Filter>Source Files</Filter>
    </ClCompile>
    <ClCompile Include="src\graphics\Cubemap.cpp">
      <Filter>Source Files</Filter>
    </ClCompile>
    <ClCompile Include="src\graphics\Text.cpp">
      <Filter>Source Files</Filter>
    </ClCompile>
    <ClCompile Include="src\managers\SceneManager.cpp">
      <Filter>Source Files</Filter>
    </ClCompile>
    <ClCompile Include="src\graphics\models\PBRModel.hpp">
      <Filter>Source Files</Filter>
    </ClCompile>
    <ClCompile Include="src\PBRScene.cpp">
      <Filter>Source Files</Filter>
    </ClCompile>
    <ClCompile Include="src\managers\PBRSceneManager.cpp">
      <Filter>Source Files</Filter>
    </ClCompile>
    <ClCompile Include="src\PBR\PBRCubemap.cpp">
      <Filter>Source Files</Filter>
    </ClCompile>
  </ItemGroup>
  <ItemGroup>
    <None Include="assets\shaders\object_fs.glsl" />
    <None Include="assets\shaders\object_vs.glsl" />
    <None Include="assets\shaders\lamp_fs.glsl" />
    <None Include="assets\images\red.png" />
    <None Include="assets\shaders\instanced\box_fs.glsl" />
    <None Include="assets\shaders\instanced\box_vs.glsl" />
    <None Include="assets\shaders\instanced\instanced_vs.glsl" />
    <None Include="assets\shaders\buffer_fs.glsl" />
    <None Include="assets\shaders\buffer_vs.glsl" />
    <None Include="assets\shaders\defaultHead.glsl" />
    <None Include="assets\shaders\depth_fs.glsl" />
    <None Include="assets\shaders\outline_fs.glsl" />
    <None Include="assets\shaders\outline_vs.glsl" />
    <None Include="assets\shaders\sky_fs.glsl" />
    <None Include="assets\shaders\skybox_fs.glsl" />
    <None Include="assets\shaders\skybox_vs.glsl" />
    <None Include="assets\shaders\pbr\pbr_vs.glsl" />
    <None Include="assets\shaders\pbr\pbr_fs.glsl" />
    <None Include="assets\shaders\pbr\prefilter_fs.glsl" />
    <None Include="assets\shaders\pbr\irradiance_fs.glsl" />
    <None Include="assets\shaders\pbr\equirectangular_fs.glsl" />
    <None Include="assets\shaders\pbr\cubemap_vs.glsl" />
    <None Include="assets\shaders\pbr\brdf_vs.glsl" />
    <None Include="assets\shaders\pbr\brdf_fs.glsl" />
    <None Include="assets\shaders\pbr\background_vs.glsl" />
    <None Include="assets\shaders\pbr\background_fs.glsl" />
  </ItemGroup>
  <ItemGroup>
    <ClInclude Include="src\io\Mouse.h">
      <Filter>Header Files</Filter>
    </ClInclude>
    <ClInclude Include="src\io\Keyboard.h">
      <Filter>Header Files</Filter>
    </ClInclude>
    <ClInclude Include="src\io\Camera.h">
      <Filter>Header Files</Filter>
    </ClInclude>
    <ClInclude Include="src\graphics\Shader.h">
      <Filter>Header Files</Filter>
    </ClInclude>
    <ClInclude Include="src\Scene.h">
      <Filter>Header Files</Filter>
    </ClInclude>
    <ClInclude Include="src\graphics\Texture.h">
      <Filter>Header Files</Filter>
    </ClInclude>
    <ClInclude Include="src\graphics\Mesh.h">
      <Filter>Header Files</Filter>
    </ClInclude>
    <ClInclude Include="src\graphics\Model.h">
      <Filter>Header Files</Filter>
    </ClInclude>
    <ClInclude Include="src\graphics\Material.h">
      <Filter>Header Files</Filter>
    </ClInclude>
    <ClInclude Include="src\graphics\models\Cube.hpp">
      <Filter>Header Files</Filter>
    </ClInclude>
    <ClInclude Include="src\graphics\models\Lamp.hpp">
      <Filter>Header Files</Filter>
    </ClInclude>
    <ClInclude Include="src\graphics\Light.h">
      <Filter>Header Files</Filter>
    </ClInclude>
    <ClInclude Include="src\graphics\models\Gun.hpp">
      <Filter>Header Files</Filter>
    </ClInclude>
    <ClInclude Include="src\graphics\models\Sphere.hpp">
      <Filter>Header Files</Filter>
    </ClInclude>
    <ClInclude Include="src\physics\Rigidbody.h">
      <Filter>Header Files</Filter>
    </ClInclude>
    <ClInclude Include="src\physics\Environment.h">
      <Filter>Header Files</Filter>
    </ClInclude>
    <ClInclude Include="src\physics\CollisionMesh.h">
      <Filter>Header Files</Filter>
    </ClInclude>
    <ClInclude Include="src\algorithms\Bounds.h">
      <Filter>Header Files</Filter>
    </ClInclude>
    <ClInclude Include="src\algorithms\tree\Octree.h">
      <Filter>Header Files</Filter>
    </ClInclude>
    <ClInclude Include="src\algorithms\Linalg.h">
      <Filter>Header Files</Filter>
    </ClInclude>
    <ClInclude Include="src\physics\CollisionModel.h">
      <Filter>Header Files</Filter>
    </ClInclude>
    <ClInclude Include="src\algorithms\States.hpp">
      <Filter>Header Files</Filter>
    </ClInclude>
    <ClInclude Include="src\algorithms\Ray.h">
      <Filter>Header Files</Filter>
    </ClInclude>
    <ClInclude Include="src\algorithms\List.hpp">
      <Filter>Header Files</Filter>
    </ClInclude>
    <ClInclude Include="src\algorithms\tree\avl.h">
      <Filter>Header Files</Filter>
    </ClInclude>
    <ClInclude Include="src\algorithms\tree\Trie.hpp">
      <Filter>Header Files</Filter>
    </ClInclude>
    <ClInclude Include="src\graphics\buffer\FrameBuffer.hpp">
      <Filter>Header Files</Filter>
    </ClInclude>
    <ClInclude Include="src\graphics\buffer\UniformBuffer.hpp">
      <Filter>Header Files</Filter>
    </ClInclude>
    <ClInclude Include="src\graphics\buffer\VertexBuffer.hpp">
      <Filter>Header Files</Filter>
    </ClInclude>
    <ClInclude Include="src\graphics\Cubemap.h">
      <Filter>Header Files</Filter>
    </ClInclude>
    <ClInclude Include="src\graphics\models\Box.hpp">
      <Filter>Header Files</Filter>
    </ClInclude>
    <ClInclude Include="src\graphics\Text.h">
      <Filter>Header Files</Filter>
    </ClInclude>
    <ClInclude Include="src\graphics\models\Plane.hpp">
      <Filter>Header Files</Filter>
    </ClInclude>
    <ClInclude Include="src\graphics\models\Brickwall.hpp">
      <Filter>Header Files</Filter>
    </ClInclude>
    <ClInclude Include="src\managers\SceneManager.h">
      <Filter>Header Files</Filter>
    </ClInclude>
    <ClInclude Include="src\PBRScene.h">
      <Filter>Header Files</Filter>
    </ClInclude>
    <ClInclude Include="src\managers\PBRSceneManager.h">
      <Filter>Header Files</Filter>
    </ClInclude>
    <ClInclude Include="src\PBR\PBRCubemap.h">
      <Filter>Header Files</Filter>
    </ClInclude>
  </ItemGroup>
  <ItemGroup>
    <Image Include="assets\images\takagi.jpg">
      <Filter>Resource Files</Filter>
    </Image>
    <Image Include="assets\images\takagi2.jpg">
      <Filter>Resource Files</Filter>
    </Image>
    <Image Include="assets\textures\container2.png">
      <Filter>Resource Files</Filter>
    </Image>
    <Image Include="assets\textures\container2_specular.png">
      <Filter>Resource Files</Filter>
    </Image>
    <Image Include="assets\textures\brickwall_diffuse.jpg">
      <Filter>Resource Files</Filter>
    </Image>
    <Image Include="assets\textures\brickwall_normal.jpg">
      <Filter>Resource Files</Filter>
    </Image>
    <Image Include="assets\textures\brickwall_specular.jpg">
      <Filter>Resource Files</Filter>
    </Image>
    <Image Include="assets\skybox\back.png">
      <Filter>Resource Files</Filter>
    </Image>
    <Image Include="assets\skybox\bottom.png">
      <Filter>Resource Files</Filter>
    </Image>
    <Image Include="assets\skybox\front.png">
      <Filter>Resource Files</Filter>
    </Image>
    <Image Include="assets\skybox\left.png">
      <Filter>Resource Files</Filter>
    </Image>
    <Image Include="assets\skybox\right.png">
      <Filter>Resource Files</Filter>
    </Image>
    <Image Include="assets\skybox\skybox_template.png">
      <Filter>Resource Files</Filter>
    </Image>
    <Image Include="assets\skybox\top.png">
      <Filter>Resource Files</Filter>
    </Image>
  </ItemGroup>
</Project>